
Microsoft Visual Studio Solution File, Format Version 12.00
# Visual Studio Version 17
VisualStudioVersion = 17.8.34316.72
MinimumVisualStudioVersion = 10.0.40219.1
Project("{9A19103F-16F7-4668-BE54-9A1E7A4F7556}") = "WebAPI", "WebAPI\WebAPI.csproj", "{809A3C82-1C28-41B3-8072-9CF23DABF210}"
EndProject
Project("{9A19103F-16F7-4668-BE54-9A1E7A4F7556}") = "Data_Access_Layer", "Data_Access_Layer\Data_Access_Layer.csproj", "{5C58B569-57EC-423F-AC88-524ABA85C357}"
EndProject
Project("{9A19103F-16F7-4668-BE54-9A1E7A4F7556}") = "Web Client", "Web Client\Web Client.csproj", "{0B772726-B1FF-4EAB-8ACA-D6C1B97AEA89}"
EndProject
Project("{9A19103F-16F7-4668-BE54-9A1E7A4F7556}") = "Desktop Client", "Password Manager Desktop Client\Desktop Client.csproj", "{E831A067-C554-442C-84A2-506344A4F3CF}"
EndProject
Global
	GlobalSection(SolutionConfigurationPlatforms) = preSolution
		Debug|Any CPU = Debug|Any CPU
		Release|Any CPU = Release|Any CPU
	EndGlobalSection
	GlobalSection(ProjectConfigurationPlatforms) = postSolution
		{809A3C82-1C28-41B3-8072-9CF23DABF210}.Debug|Any CPU.ActiveCfg = Debug|Any CPU
		{809A3C82-1C28-41B3-8072-9CF23DABF210}.Debug|Any CPU.Build.0 = Debug|Any CPU
		{809A3C82-1C28-41B3-8072-9CF23DABF210}.Release|Any CPU.ActiveCfg = Release|Any CPU
		{809A3C82-1C28-41B3-8072-9CF23DABF210}.Release|Any CPU.Build.0 = Release|Any CPU
		{5C58B569-57EC-423F-AC88-524ABA85C357}.Debug|Any CPU.ActiveCfg = Debug|Any CPU
		{5C58B569-57EC-423F-AC88-524ABA85C357}.Debug|Any CPU.Build.0 = Debug|Any CPU
		{5C58B569-57EC-423F-AC88-524ABA85C357}.Release|Any CPU.ActiveCfg = Release|Any CPU
		{5C58B569-57EC-423F-AC88-524ABA85C357}.Release|Any CPU.Build.0 = Release|Any CPU
		{0B772726-B1FF-4EAB-8ACA-D6C1B97AEA89}.Debug|Any CPU.ActiveCfg = Debug|Any CPU
		{0B772726-B1FF-4EAB-8ACA-D6C1B97AEA89}.Debug|Any CPU.Build.0 = Debug|Any CPU
		{0B772726-B1FF-4EAB-8ACA-D6C1B97AEA89}.Release|Any CPU.ActiveCfg = Release|Any CPU
		{0B772726-B1FF-4EAB-8ACA-D6C1B97AEA89}.Release|Any CPU.Build.0 = Release|Any CPU
		{E831A067-C554-442C-84A2-506344A4F3CF}.Debug|Any CPU.ActiveCfg = Debug|Any CPU
		{E831A067-C554-442C-84A2-506344A4F3CF}.Debug|Any CPU.Build.0 = Debug|Any CPU
		{E831A067-C554-442C-84A2-506344A4F3CF}.Release|Any CPU.ActiveCfg = Release|Any CPU
		{E831A067-C554-442C-84A2-506344A4F3CF}.Release|Any CPU.Build.0 = Release|Any CPU
	EndGlobalSection
	GlobalSection(SolutionProperties) = preSolution
		HideSolutionNode = FALSE
	EndGlobalSection
	GlobalSection(ExtensibilityGlobals) = postSolution
		SolutionGuid = {D17C4819-3418-43BB-8B73-1D9733059182}
	EndGlobalSection
EndGlobal
