
Microsoft Visual Studio Solution File, Format Version 12.00
# Visual Studio Version 17
VisualStudioVersion = 17.8.34316.72
MinimumVisualStudioVersion = 10.0.40219.1
Project("{FAE04EC0-301F-11D3-BF4B-00C04F79EFBC}") = "Security_Synopsis_Enderchest", "Security_Synopsis_Enderchest\Security_Synopsis_Enderchest.csproj", "{827700BA-767A-45F2-AC98-454BCB53F9A2}"
EndProject
Global
	GlobalSection(SolutionConfigurationPlatforms) = preSolution
		Debug|Any CPU = Debug|Any CPU
		Release|Any CPU = Release|Any CPU
	EndGlobalSection
	GlobalSection(ProjectConfigurationPlatforms) = postSolution
		{827700BA-767A-45F2-AC98-454BCB53F9A2}.Debug|Any CPU.ActiveCfg = Debug|Any CPU
		{827700BA-767A-45F2-AC98-454BCB53F9A2}.Debug|Any CPU.Build.0 = Debug|Any CPU
		{827700BA-767A-45F2-AC98-454BCB53F9A2}.Release|Any CPU.ActiveCfg = Release|Any CPU
		{827700BA-767A-45F2-AC98-454BCB53F9A2}.Release|Any CPU.Build.0 = Release|Any CPU
	EndGlobalSection
	GlobalSection(SolutionProperties) = preSolution
		HideSolutionNode = FALSE
	EndGlobalSection
	GlobalSection(ExtensibilityGlobals) = postSolution
		SolutionGuid = {D17C4819-3418-43BB-8B73-1D9733059182}
	EndGlobalSection
EndGlobal
